// !$*UTF8*$!
{
	archiveVersion = 1;
	classes = {
	};
	objectVersion = 48;
	objects = {

/* Begin PBXBuildFile section */
		165B0A341EEE42D30036CD06 /* AppDelegate.m in Sources */ = {isa = PBXBuildFile; fileRef = 165B0A331EEE42D30036CD06 /* AppDelegate.m */; };
		165B0A371EEE42D30036CD06 /* ViewController.m in Sources */ = {isa = PBXBuildFile; fileRef = 165B0A361EEE42D30036CD06 /* ViewController.m */; };
		165B0A3A1EEE42D30036CD06 /* Main.storyboard in Resources */ = {isa = PBXBuildFile; fileRef = 165B0A381EEE42D30036CD06 /* Main.storyboard */; };
		165B0A3C1EEE42D30036CD06 /* Assets.xcassets in Resources */ = {isa = PBXBuildFile; fileRef = 165B0A3B1EEE42D30036CD06 /* Assets.xcassets */; };
		165B0A3F1EEE42D30036CD06 /* LaunchScreen.storyboard in Resources */ = {isa = PBXBuildFile; fileRef = 165B0A3D1EEE42D30036CD06 /* LaunchScreen.storyboard */; };
		165B0A421EEE42D30036CD06 /* main.m in Sources */ = {isa = PBXBuildFile; fileRef = 165B0A411EEE42D30036CD06 /* main.m */; };
		168C99A31EEE467000E7E23E /* HMColorView.h in Sources */ = {isa = PBXBuildFile; fileRef = 168C99A01EEE466800E7E23E /* HMColorView.h */; };
		168C99A41EEE467000E7E23E /* HMColorView.m in Sources */ = {isa = PBXBuildFile; fileRef = 168C99A11EEE466800E7E23E /* HMColorView.m */; };
		168C99A51EEE467000E7E23E /* HMLoadingView.h in Sources */ = {isa = PBXBuildFile; fileRef = 168C99A21EEE466800E7E23E /* HMLoadingView.h */; };
		168C99A61EEE467000E7E23E /* HMLoadingView.m in Sources */ = {isa = PBXBuildFile; fileRef = 168C999F1EEE466800E7E23E /* HMLoadingView.m */; };
/* End PBXBuildFile section */

/* Begin PBXFileReference section */
		165B0A2F1EEE42D30036CD06 /* HMAnmRotate.app */ = {isa = PBXFileReference; explicitFileType = wrapper.application; includeInIndex = 0; path = HMAnmRotate.app; sourceTree = BUILT_PRODUCTS_DIR; };
		165B0A321EEE42D30036CD06 /* AppDelegate.h */ = {isa = PBXFileReference; lastKnownFileType = sourcecode.c.h; path = AppDelegate.h; sourceTree = "<group>"; };
		165B0A331EEE42D30036CD06 /* AppDelegate.m */ = {isa = PBXFileReference; lastKnownFileType = sourcecode.c.objc; path = AppDelegate.m; sourceTree = "<group>"; };
		165B0A351EEE42D30036CD06 /* ViewController.h */ = {isa = PBXFileReference; lastKnownFileType = sourcecode.c.h; path = ViewController.h; sourceTree = "<group>"; };
		165B0A361EEE42D30036CD06 /* ViewController.m */ = {isa = PBXFileReference; lastKnownFileType = sourcecode.c.objc; path = ViewController.m; sourceTree = "<group>"; };
		165B0A391EEE42D30036CD06 /* Base */ = {isa = PBXFileReference; lastKnownFileType = file.storyboard; name = Base; path = Base.lproj/Main.storyboard; sourceTree = "<group>"; };
		165B0A3B1EEE42D30036CD06 /* Assets.xcassets */ = {isa = PBXFileReference; lastKnownFileType = folder.assetcatalog; path = Assets.xcassets; sourceTree = "<group>"; };
		165B0A3E1EEE42D30036CD06 /* Base */ = {isa = PBXFileReference; lastKnownFileType = file.storyboard; name = Base; path = Base.lproj/LaunchScreen.storyboard; sourceTree = "<group>"; };
		165B0A401EEE42D30036CD06 /* Info.plist */ = {isa = PBXFileReference; lastKnownFileType = text.plist.xml; path = Info.plist; sourceTree = "<group>"; };
		165B0A411EEE42D30036CD06 /* main.m */ = {isa = PBXFileReference; lastKnownFileType = sourcecode.c.objc; path = main.m; sourceTree = "<group>"; };
		168C999D1EEE461A00E7E23E /* UIKit.framework */ = {isa = PBXFileReference; lastKnownFileType = wrapper.framework; name = UIKit.framework; path = System/Library/Frameworks/UIKit.framework; sourceTree = SDKROOT; };
		168C999E1EEE463200E7E23E /* CoreGraphics.framework */ = {isa = PBXFileReference; lastKnownFileType = wrapper.framework; name = CoreGraphics.framework; path = System/Library/Frameworks/CoreGraphics.framework; sourceTree = SDKROOT; };
		168C999F1EEE466800E7E23E /* HMLoadingView.m */ = {isa = PBXFileReference; lastKnownFileType = sourcecode.c.objc; path = HMLoadingView.m; sourceTree = "<group>"; };
		168C99A01EEE466800E7E23E /* HMColorView.h */ = {isa = PBXFileReference; lastKnownFileType = sourcecode.c.h; path = HMColorView.h; sourceTree = "<group>"; };
		168C99A11EEE466800E7E23E /* HMColorView.m */ = {isa = PBXFileReference; lastKnownFileType = sourcecode.c.objc; path = HMColorView.m; sourceTree = "<group>"; };
		168C99A21EEE466800E7E23E /* HMLoadingView.h */ = {isa = PBXFileReference; lastKnownFileType = sourcecode.c.h; path = HMLoadingView.h; sourceTree = "<group>"; };
/* End PBXFileReference section */

/* Begin PBXFrameworksBuildPhase section */
		165B0A2C1EEE42D30036CD06 /* Frameworks */ = {
			isa = PBXFrameworksBuildPhase;
			buildActionMask = 2147483647;
			files = (
			);
			runOnlyForDeploymentPostprocessing = 0;
		};
/* End PBXFrameworksBuildPhase section */

/* Begin PBXGroup section */
		165B0A261EEE42D30036CD06 = {
			isa = PBXGroup;
			children = (
				165B0A311EEE42D30036CD06 /* HMAnmRotate */,
				165B0A301EEE42D30036CD06 /* Products */,
				168C999C1EEE461A00E7E23E /* Frameworks */,
			);
			sourceTree = "<group>";
		};
		165B0A301EEE42D30036CD06 /* Products */ = {
			isa = PBXGroup;
			children = (
				165B0A2F1EEE42D30036CD06 /* HMAnmRotate.app */,
			);
			name = Products;
			sourceTree = "<group>";
		};
		165B0A311EEE42D30036CD06 /* HMAnmRotate */ = {
			isa = PBXGroup;
			children = (
				168C99A01EEE466800E7E23E /* HMColorView.h */,
				168C99A11EEE466800E7E23E /* HMColorView.m */,
				168C99A21EEE466800E7E23E /* HMLoadingView.h */,
				168C999F1EEE466800E7E23E /* HMLoadingView.m */,
				165B0A321EEE42D30036CD06 /* AppDelegate.h */,
				165B0A331EEE42D30036CD06 /* AppDelegate.m */,
				165B0A351EEE42D30036CD06 /* ViewController.h */,
				165B0A361EEE42D30036CD06 /* ViewController.m */,
				165B0A381EEE42D30036CD06 /* Main.storyboard */,
				165B0A3B1EEE42D30036CD06 /* Assets.xcassets */,
				165B0A3D1EEE42D30036CD06 /* LaunchScreen.storyboard */,
				165B0A401EEE42D30036CD06 /* Info.plist */,
				165B0A411EEE42D30036CD06 /* main.m */,
			);
			path = HMAnmRotate;
			sourceTree = "<group>";
		};
		168C999C1EEE461A00E7E23E /* Frameworks */ = {
			isa = PBXGroup;
			children = (
				168C999E1EEE463200E7E23E /* CoreGraphics.framework */,
				168C999D1EEE461A00E7E23E /* UIKit.framework */,
			);
			name = Frameworks;
			sourceTree = "<group>";
		};
/* End PBXGroup section */

/* Begin PBXNativeTarget section */
		165B0A2E1EEE42D30036CD06 /* HMAnmRotate */ = {
			isa = PBXNativeTarget;
			buildConfigurationList = 165B0A451EEE42D30036CD06 /* Build configuration list for PBXNativeTarget "HMAnmRotate" */;
			buildPhases = (
				165B0A2B1EEE42D30036CD06 /* Sources */,
				165B0A2C1EEE42D30036CD06 /* Frameworks */,
				165B0A2D1EEE42D30036CD06 /* Resources */,
			);
			buildRules = (
			);
			dependencies = (
			);
			name = HMAnmRotate;
			productName = HMAnmRotate;
			productReference = 165B0A2F1EEE42D30036CD06 /* HMAnmRotate.app */;
			productType = "com.apple.product-type.application";
		};
/* End PBXNativeTarget section */

/* Begin PBXProject section */
		165B0A271EEE42D30036CD06 /* Project object */ = {
			isa = PBXProject;
			attributes = {
				LastUpgradeCheck = 0900;
				ORGANIZATIONNAME = qmy3;
				TargetAttributes = {
					165B0A2E1EEE42D30036CD06 = {
						CreatedOnToolsVersion = 9.0;
					};
				};
			};
			buildConfigurationList = 165B0A2A1EEE42D30036CD06 /* Build configuration list for PBXProject "HMAnmRotate" */;
			compatibilityVersion = "Xcode 8.0";
			developmentRegion = en;
			hasScannedForEncodings = 0;
			knownRegions = (
				en,
				Base,
			);
			mainGroup = 165B0A261EEE42D30036CD06;
			productRefGroup = 165B0A301EEE42D30036CD06 /* Products */;
			projectDirPath = "";
			projectRoot = "";
			targets = (
				165B0A2E1EEE42D30036CD06 /* HMAnmRotate */,
			);
		};
/* End PBXProject section */

/* Begin PBXResourcesBuildPhase section */
		165B0A2D1EEE42D30036CD06 /* Resources */ = {
			isa = PBXResourcesBuildPhase;
			buildActionMask = 2147483647;
			files = (
				165B0A3F1EEE42D30036CD06 /* LaunchScreen.storyboard in Resources */,
				165B0A3C1EEE42D30036CD06 /* Assets.xcassets in Resources */,
				165B0A3A1EEE42D30036CD06 /* Main.storyboard in Resources */,
			);
			runOnlyForDeploymentPostprocessing = 0;
		};
/* End PBXResourcesBuildPhase section */

/* Begin PBXSourcesBuildPhase section */
		165B0A2B1EEE42D30036CD06 /* Sources */ = {
			isa = PBXSourcesBuildPhase;
			buildActionMask = 2147483647;
			files = (
				168C99A31EEE467000E7E23E /* HMColorView.h in Sources */,
				168C99A41EEE467000E7E23E /* HMColorView.m in Sources */,
				168C99A51EEE467000E7E23E /* HMLoadingView.h in Sources */,
				168C99A61EEE467000E7E23E /* HMLoadingView.m in Sources */,
				165B0A371EEE42D30036CD06 /* ViewController.m in Sources */,
				165B0A421EEE42D30036CD06 /* main.m in Sources */,
				165B0A341EEE42D30036CD06 /* AppDelegate.m in Sources */,
			);
			runOnlyForDeploymentPostprocessing = 0;
		};
/* End PBXSourcesBuildPhase section */

/* Begin PBXVariantGroup section */
		165B0A381EEE42D30036CD06 /* Main.storyboard */ = {
			isa = PBXVariantGroup;
			children = (
				165B0A391EEE42D30036CD06 /* Base */,
			);
			name = Main.storyboard;
			sourceTree = "<group>";
		};
		165B0A3D1EEE42D30036CD06 /* LaunchScreen.storyboard */ = {
			isa = PBXVariantGroup;
			children = (
				165B0A3E1EEE42D30036CD06 /* Base */,
			);
			name = LaunchScreen.storyboard;
			sourceTree = "<group>";
		};
/* End PBXVariantGroup section */

/* Begin XCBuildConfiguration section */
		165B0A431EEE42D30036CD06 /* Debug */ = {
			isa = XCBuildConfiguration;
			buildSettings = {
				ALWAYS_SEARCH_USER_PATHS = NO;
				CLANG_ANALYZER_NONNULL = YES;
				CLANG_ANALYZER_NUMBER_OBJECT_CONVERSION = YES_AGGRESSIVE;
				CLANG_CXX_LANGUAGE_STANDARD = "gnu++14";
				CLANG_CXX_LIBRARY = "libc++";
				CLANG_ENABLE_MODULES = YES;
				CLANG_ENABLE_OBJC_ARC = YES;
				CLANG_WARN_BLOCK_CAPTURE_AUTORELEASING = YES;
				CLANG_WARN_BOOL_CONVERSION = YES;
				CLANG_WARN_COMMA = YES;
				CLANG_WARN_CONSTANT_CONVERSION = YES;
				CLANG_WARN_DIRECT_OBJC_ISA_USAGE = YES_ERROR;
				CLANG_WARN_DOCUMENTATION_COMMENTS = YES;
				CLANG_WARN_EMPTY_BODY = YES;
				CLANG_WARN_ENUM_CONVERSION = YES;
				CLANG_WARN_INFINITE_RECURSION = YES;
				CLANG_WARN_INT_CONVERSION = YES;
				CLANG_WARN_OBJC_ROOT_CLASS = YES_ERROR;
				CLANG_WARN_RANGE_LOOP_ANALYSIS = YES;
				CLANG_WARN_STRICT_PROTOTYPES = YES;
				CLANG_WARN_SUSPICIOUS_MOVE = YES;
				CLANG_WARN_UNGUARDED_AVAILABILITY = YES_AGGRESSIVE;
				CLANG_WARN_UNREACHABLE_CODE = YES;
				CLANG_WARN__DUPLICATE_METHOD_MATCH = YES;
				CODE_SIGN_IDENTITY = "iPhone Developer";
				COPY_PHASE_STRIP = NO;
				DEBUG_INFORMATION_FORMAT = dwarf;
				ENABLE_STRICT_OBJC_MSGSEND = YES;
				ENABLE_TESTABILITY = YES;
				GCC_C_LANGUAGE_STANDARD = gnu11;
				GCC_DYNAMIC_NO_PIC = NO;
				GCC_NO_COMMON_BLOCKS = YES;
				GCC_OPTIMIZATION_LEVEL = 0;
				GCC_PREPROCESSOR_DEFINITIONS = (
					"DEBUG=1",
					"$(inherited)",
				);
				GCC_WARN_64_TO_32_BIT_CONVERSION = YES;
				GCC_WARN_ABOUT_RETURN_TYPE = YES_ERROR;
				GCC_WARN_UNDECLARED_SELECTOR = YES;
				GCC_WARN_UNINITIALIZED_AUTOS = YES_AGGRESSIVE;
				GCC_WARN_UNUSED_FUNCTION = YES;
				GCC_WARN_UNUSED_VARIABLE = YES;
				IPHONEOS_DEPLOYMENT_TARGET = 11.0;
				MTL_ENABLE_DEBUG_INFO = YES;
				ONLY_ACTIVE_ARCH = YES;
				SDKROOT = iphoneos;
			};
			name = Debug;
		};
		165B0A441EEE42D30036CD06 /* Release */ = {
			isa = XCBuildConfiguration;
			buildSettings = {
				ALWAYS_SEARCH_USER_PATHS = NO;
				CLANG_ANALYZER_NONNULL = YES;
				CLANG_ANALYZER_NUMBER_OBJECT_CONVERSION = YES_AGGRESSIVE;
				CLANG_CXX_LANGUAGE_STANDARD = "gnu++14";
				CLANG_CXX_LIBRARY = "libc++";
				CLANG_ENABLE_MODULES = YES;
				CLANG_ENABLE_OBJC_ARC = YES;
				CLANG_WARN_BLOCK_CAPTURE_AUTORELEASING = YES;
				CLANG_WARN_BOOL_CONVERSION = YES;
				CLANG_WARN_COMMA = YES;
				CLANG_WARN_CONSTANT_CONVERSION = YES;
				CLANG_WARN_DIRECT_OBJC_ISA_USAGE = YES_ERROR;
				CLANG_WARN_DOCUMENTATION_COMMENTS = YES;
				CLANG_WARN_EMPTY_BODY = YES;
				CLANG_WARN_ENUM_CONVERSION = YES;
				CLANG_WARN_INFINITE_RECURSION = YES;
				CLANG_WARN_INT_CONVERSION = YES;
				CLANG_WARN_OBJC_ROOT_CLASS = YES_ERROR;
				CLANG_WARN_RANGE_LOOP_ANALYSIS = YES;
				CLANG_WARN_STRICT_PROTOTYPES = YES;
				CLANG_WARN_SUSPICIOUS_MOVE = YES;
				CLANG_WARN_UNGUARDED_AVAILABILITY = YES_AGGRESSIVE;
				CLANG_WARN_UNREACHABLE_CODE = YES;
				CLANG_WARN__DUPLICATE_METHOD_MATCH = YES;
				CODE_SIGN_IDENTITY = "iPhone Developer";
				COPY_PHASE_STRIP = NO;
				DEBUG_INFORMATION_FORMAT = "dwarf-with-dsym";
				ENABLE_NS_ASSERTIONS = NO;
				ENABLE_STRICT_OBJC_MSGSEND = YES;
				GCC_C_LANGUAGE_STANDARD = gnu11;
				GCC_NO_COMMON_BLOCKS = YES;
				GCC_WARN_64_TO_32_BIT_CONVERSION = YES;
				GCC_WARN_ABOUT_RETURN_TYPE = YES_ERROR;
				GCC_WARN_UNDECLARED_SELECTOR = YES;
				GCC_WARN_UNINITIALIZED_AUTOS = YES_AGGRESSIVE;
				GCC_WARN_UNUSED_FUNCTION = YES;
				GCC_WARN_UNUSED_VARIABLE = YES;
				IPHONEOS_DEPLOYMENT_TARGET = 11.0;
				MTL_ENABLE_DEBUG_INFO = NO;
				SDKROOT = iphoneos;
				VALIDATE_PRODUCT = YES;
			};
			name = Release;
		};
		165B0A461EEE42D30036CD06 /* Debug */ = {
			isa = XCBuildConfiguration;
			buildSettings = {
				ASSETCATALOG_COMPILER_APPICON_NAME = AppIcon;
				DEVELOPMENT_TEAM = 453WKA5GS8;
				INFOPLIST_FILE = HMAnmRotate/Info.plist;
				IPHONEOS_DEPLOYMENT_TARGET = 9.2;
				LD_RUNPATH_SEARCH_PATHS = "$(inherited) @executable_path/Frameworks";
				PRODUCT_BUNDLE_IDENTIFIER = com.qmy3.HMAnmRotate.HMAnmRotate;
				PRODUCT_NAME = "$(TARGET_NAME)";
				TARGETED_DEVICE_FAMILY = "1,2";
			};
			name = Debug;
		};
		165B0A471EEE42D30036CD06 /* Release */ = {
			isa = XCBuildConfiguration;
			buildSettings = {
				ASSETCATALOG_COMPILER_APPICON_NAME = AppIcon;
				DEVELOPMENT_TEAM = 453WKA5GS8;
				INFOPLIST_FILE = HMAnmRotate/Info.plist;
				IPHONEOS_DEPLOYMENT_TARGET = 9.2;
				LD_RUNPATH_SEARCH_PATHS = "$(inherited) @executable_path/Frameworks";
				PRODUCT_BUNDLE_IDENTIFIER = com.qmy3.HMAnmRotate.HMAnmRotate;
				PRODUCT_NAME = "$(TARGET_NAME)";
				TARGETED_DEVICE_FAMILY = "1,2";
			};
			name = Release;
		};
/* End XCBuildConfiguration section */

/* Begin XCConfigurationList section */
		165B0A2A1EEE42D30036CD06 /* Build configuration list for PBXProject "HMAnmRotate" */ = {
			isa = XCConfigurationList;
			buildConfigurations = (
				165B0A431EEE42D30036CD06 /* Debug */,
				165B0A441EEE42D30036CD06 /* Release */,
			);
			defaultConfigurationIsVisible = 0;
			defaultConfigurationName = Release;
		};
		165B0A451EEE42D30036CD06 /* Build configuration list for PBXNativeTarget "HMAnmRotate" */ = {
			isa = XCConfigurationList;
			buildConfigurations = (
				165B0A461EEE42D30036CD06 /* Debug */,
				165B0A471EEE42D30036CD06 /* Release */,
			);
			defaultConfigurationIsVisible = 0;
			defaultConfigurationName = Release;
		};
/* End XCConfigurationList section */
	};
	rootObject = 165B0A271EEE42D30036CD06 /* Project object */;
}
